// !$*UTF8*$!
{
	archiveVersion = 1;
	classes = {
	};
	objectVersion = 54;
	objects = {

/* Begin PBXBuildFile section */
		0E14069F2DCE4D270099626B /* CharacterDetailViewMock.swift in Sources */ = {isa = PBXBuildFile; fileRef = 0E14069E2DCE4D270099626B /* CharacterDetailViewMock.swift */; };
		0E1406A12DCE51D20099626B /* MockURLProtocol.swift in Sources */ = {isa = PBXBuildFile; fileRef = 0E1406A02DCE51D20099626B /* MockURLProtocol.swift */; };
		0E1406A32DCE5A470099626B /* MockNetworking.swift in Sources */ = {isa = PBXBuildFile; fileRef = 0E1406A22DCE5A470099626B /* MockNetworking.swift */; };
		0E1406A52DCE612E0099626B /* UnwrapFileHelper.swift in Sources */ = {isa = PBXBuildFile; fileRef = 0E1406A42DCE612E0099626B /* UnwrapFileHelper.swift */; };
		0E1406A72DCE63F10099626B /* CharacterListFlowManagerMock.swift in Sources */ = {isa = PBXBuildFile; fileRef = 0E1406A62DCE63F10099626B /* CharacterListFlowManagerMock.swift */; };
		0E1406A92DCE64A60099626B /* CharacterListViewMock.swift in Sources */ = {isa = PBXBuildFile; fileRef = 0E1406A82DCE64A60099626B /* CharacterListViewMock.swift */; };
		0E2D805D2784E02200BF2E8A /* CharacterListPresenterTest.swift in Sources */ = {isa = PBXBuildFile; fileRef = 0E2D805C2784E02200BF2E8A /* CharacterListPresenterTest.swift */; };
		0E2D805F2784EE9500BF2E8A /* characterListMock.json in Resources */ = {isa = PBXBuildFile; fileRef = 0E2D805E2784EE9500BF2E8A /* characterListMock.json */; };
		0E2D80642784F75800BF2E8A /* CharacterDetailPresenterTest.swift in Sources */ = {isa = PBXBuildFile; fileRef = 0E2D80632784F75800BF2E8A /* CharacterDetailPresenterTest.swift */; };
		0E2D80672784F94C00BF2E8A /* characterComicsMock.json in Resources */ = {isa = PBXBuildFile; fileRef = 0E2D80652784F94C00BF2E8A /* characterComicsMock.json */; };
		0E2D80682784F94C00BF2E8A /* characterSeriesMock.json in Resources */ = {isa = PBXBuildFile; fileRef = 0E2D80662784F94C00BF2E8A /* characterSeriesMock.json */; };
		0E2EC8AF2DC3EE000094E0CB /* Kingfisher in Frameworks */ = {isa = PBXBuildFile; productRef = 0E2EC8AE2DC3EE000094E0CB /* Kingfisher */; };
		0E2EC8B12DC3EE720094E0CB /* CharacterCell.swift in Sources */ = {isa = PBXBuildFile; fileRef = 0E2EC8B02DC3EE720094E0CB /* CharacterCell.swift */; };
		0E3F6C0828A7C935006A8C4B /* MockedCharacterListDataSource.swift in Sources */ = {isa = PBXBuildFile; fileRef = 0E3F6C0728A7C935006A8C4B /* MockedCharacterListDataSource.swift */; };
		0E4151A728A7B17B0077F6FE /* AlamofireImage in Frameworks */ = {isa = PBXBuildFile; productRef = 0E4151A628A7B17B0077F6FE /* AlamofireImage */; };
		0E46815928A7A81000E4907C /* Lottie in Frameworks */ = {isa = PBXBuildFile; productRef = 0E46815828A7A81000E4907C /* Lottie */; };
		0E46815C28A7A82800E4907C /* KNetwork in Frameworks */ = {isa = PBXBuildFile; productRef = 0E46815B28A7A82800E4907C /* KNetwork */; };
		0E46EEE22DC920A10033CD78 /* CharacterDetailConfigurator.swift in Sources */ = {isa = PBXBuildFile; fileRef = 0E46EEE12DC920A10033CD78 /* CharacterDetailConfigurator.swift */; };
		0E46EEE42DC929420033CD78 /* CharacterDetailHeaderView.swift in Sources */ = {isa = PBXBuildFile; fileRef = 0E46EEE32DC929420033CD78 /* CharacterDetailHeaderView.swift */; };
		0E46EEE62DC92DDF0033CD78 /* CharacterDetailSectionView.swift in Sources */ = {isa = PBXBuildFile; fileRef = 0E46EEE52DC92DDF0033CD78 /* CharacterDetailSectionView.swift */; };
		0E46EEE82DC92EEB0033CD78 /* CharacterDetailSectionItemView.swift in Sources */ = {isa = PBXBuildFile; fileRef = 0E46EEE72DC92EEB0033CD78 /* CharacterDetailSectionItemView.swift */; };
		0E5448B3277B1CF700076012 /* CharacterDetailPresenter.swift in Sources */ = {isa = PBXBuildFile; fileRef = 0E5448B2277B1CF700076012 /* CharacterDetailPresenter.swift */; };
		0E66EB1728AAA2BA00ED0A22 /* CharacterDetailDataSourceTest.swift in Sources */ = {isa = PBXBuildFile; fileRef = 0E66EB1628AAA2BA00ED0A22 /* CharacterDetailDataSourceTest.swift */; };
		0E7C5D39277E384600097A23 /* BaseProtocolRequest.swift in Sources */ = {isa = PBXBuildFile; fileRef = 0E7C5D38277E384600097A23 /* BaseProtocolRequest.swift */; };
		0E7C5D3D277E3FE000097A23 /* BaseRequest.swift in Sources */ = {isa = PBXBuildFile; fileRef = 0E7C5D3C277E3FE000097A23 /* BaseRequest.swift */; };
		0E96F67C28A7D8F400775A37 /* MockedCharacterDetailDataSource.swift in Sources */ = {isa = PBXBuildFile; fileRef = 0E96F67B28A7D8F400775A37 /* MockedCharacterDetailDataSource.swift */; };
		0E96F68028A7DC6800775A37 /* CharacterListDataSourceTest.swift in Sources */ = {isa = PBXBuildFile; fileRef = 0E96F67F28A7DC6800775A37 /* CharacterListDataSourceTest.swift */; };
		0E97F11E287DE81500B03BBD /* CharacterListDataSource.swift in Sources */ = {isa = PBXBuildFile; fileRef = 0E97F11D287DE81500B03BBD /* CharacterListDataSource.swift */; };
		0E97F123287DEC6900B03BBD /* CharacterListFlowManager.swift in Sources */ = {isa = PBXBuildFile; fileRef = 0E97F122287DEC6900B03BBD /* CharacterListFlowManager.swift */; };
		0E97F130287DF55300B03BBD /* CharacterDetailDataSource.swift in Sources */ = {isa = PBXBuildFile; fileRef = 0E97F12F287DF55300B03BBD /* CharacterDetailDataSource.swift */; };
		0EA50877277B6063000B4369 /* MarvelComicsEndpoint.swift in Sources */ = {isa = PBXBuildFile; fileRef = 0EA50876277B6063000B4369 /* MarvelComicsEndpoint.swift */; };
		0EA5087A277B6342000B4369 /* CharacterListRequest.swift in Sources */ = {isa = PBXBuildFile; fileRef = 0EA50879277B6342000B4369 /* CharacterListRequest.swift */; };
		0EA5087C277B65D2000B4369 /* Service.swift in Sources */ = {isa = PBXBuildFile; fileRef = 0EA5087B277B65D2000B4369 /* Service.swift */; };
		0EB83B222DC3DCC5004CE4E5 /* CharacterListViewController.swift in Sources */ = {isa = PBXBuildFile; fileRef = 0EB83B212DC3DCC5004CE4E5 /* CharacterListViewController.swift */; };
		0EB83B252DC3DDCE004CE4E5 /* CharacterListPresenter.swift in Sources */ = {isa = PBXBuildFile; fileRef = 0EB83B242DC3DDCE004CE4E5 /* CharacterListPresenter.swift */; };
		0EB83B272DC3E39F004CE4E5 /* CharacterListConfigurator.swift in Sources */ = {isa = PBXBuildFile; fileRef = 0EB83B262DC3E39F004CE4E5 /* CharacterListConfigurator.swift */; };
		0EB83B292DC3E822004CE4E5 /* ChacterView.swift in Sources */ = {isa = PBXBuildFile; fileRef = 0EB83B282DC3E822004CE4E5 /* ChacterView.swift */; };
		0ECA64B626DD3E68000EBE8E /* Character.swift in Sources */ = {isa = PBXBuildFile; fileRef = 0ECA64B526DD3E68000EBE8E /* Character.swift */; };
		0ECA64BF26DD433F000EBE8E /* Thumbnail.swift in Sources */ = {isa = PBXBuildFile; fileRef = 0ECA64BE26DD433F000EBE8E /* Thumbnail.swift */; };
		0ECA64C626DD472E000EBE8E /* CharacterDetailViewController.swift in Sources */ = {isa = PBXBuildFile; fileRef = 0ECA64C426DD472E000EBE8E /* CharacterDetailViewController.swift */; };
		0ECA64E026DD5F61000EBE8E /* Comic.swift in Sources */ = {isa = PBXBuildFile; fileRef = 0ECA64DF26DD5F61000EBE8E /* Comic.swift */; };
		0ECA64E226DD630B000EBE8E /* Serie.swift in Sources */ = {isa = PBXBuildFile; fileRef = 0ECA64E126DD630B000EBE8E /* Serie.swift */; };
		0ECA64E826DD78A5000EBE8E /* Launch Screen.storyboard in Resources */ = {isa = PBXBuildFile; fileRef = 0ECA64E726DD78A5000EBE8E /* Launch Screen.storyboard */; };
		0ECA64F526DD842E000EBE8E /* Assets.xcassets in Resources */ = {isa = PBXBuildFile; fileRef = 0EDCF11C26DBF7F0001BF1C6 /* Assets.xcassets */; };
		0ED4DA1B2DC40CC3005D4DB4 /* Collections in Frameworks */ = {isa = PBXBuildFile; productRef = 0ED4DA1A2DC40CC3005D4DB4 /* Collections */; };
		0ED4DA1E2DC627A0005D4DB4 /* Localization.swift in Sources */ = {isa = PBXBuildFile; fileRef = 0ED4DA1D2DC627A0005D4DB4 /* Localization.swift */; };
		0EEE56452783B40A003EA5D5 /* MockCharacterEndPoint.swift in Sources */ = {isa = PBXBuildFile; fileRef = 0EEE56442783B40A003EA5D5 /* MockCharacterEndPoint.swift */; };
		0EEE56482783B455003EA5D5 /* ServiceTest.swift in Sources */ = {isa = PBXBuildFile; fileRef = 0EEE56472783B455003EA5D5 /* ServiceTest.swift */; };
		0EF60BA22DCD116200964791 /* CharacterResponse.swift in Sources */ = {isa = PBXBuildFile; fileRef = 0EF60BA12DCD116200964791 /* CharacterResponse.swift */; };
		0EF60BA42DCD119C00964791 /* ComicsResponse.swift in Sources */ = {isa = PBXBuildFile; fileRef = 0EF60BA32DCD119C00964791 /* ComicsResponse.swift */; };
		0EF60BA62DCD11C300964791 /* SeriesResponse.swift in Sources */ = {isa = PBXBuildFile; fileRef = 0EF60BA52DCD11C300964791 /* SeriesResponse.swift */; };
		2F259DDA21F88EB200DC70D5 /* InfoPlist.strings in Resources */ = {isa = PBXBuildFile; fileRef = 2F259DDC21F88EB200DC70D5 /* InfoPlist.strings */; };
		2F259DDD21F88EB700DC70D5 /* Localizable.strings in Resources */ = {isa = PBXBuildFile; fileRef = 2F259DDF21F88EB700DC70D5 /* Localizable.strings */; };
		2F84694021536DED00AF8E5B /* ErrorResponse.swift in Sources */ = {isa = PBXBuildFile; fileRef = 2F84693F21536DED00AF8E5B /* ErrorResponse.swift */; };
		4F8982DF2151373300703F44 /* Extensions.swift in Sources */ = {isa = PBXBuildFile; fileRef = 4F8982DE2151373300703F44 /* Extensions.swift */; };
		4F8982E1215137D400703F44 /* Keys.swift in Sources */ = {isa = PBXBuildFile; fileRef = 4F8982E0215137D400703F44 /* Keys.swift */; };
		4F9111BF215116A60028AC18 /* AppDelegate.swift in Sources */ = {isa = PBXBuildFile; fileRef = 4F9111BE215116A60028AC18 /* AppDelegate.swift */; };
/* End PBXBuildFile section */

/* Begin PBXContainerItemProxy section */
		0EC9E31127838DA300AB28BC /* PBXContainerItemProxy */ = {
			isa = PBXContainerItemProxy;
			containerPortal = 4F9111B3215116A60028AC18 /* Project object */;
			proxyType = 1;
			remoteGlobalIDString = 4F9111BA215116A60028AC18;
			remoteInfo = marvelcomicios;
		};
/* End PBXContainerItemProxy section */

/* Begin PBXFileReference section */
		0E14069E2DCE4D270099626B /* CharacterDetailViewMock.swift */ = {isa = PBXFileReference; lastKnownFileType = sourcecode.swift; path = CharacterDetailViewMock.swift; sourceTree = "<group>"; };
		0E1406A02DCE51D20099626B /* MockURLProtocol.swift */ = {isa = PBXFileReference; lastKnownFileType = sourcecode.swift; path = MockURLProtocol.swift; sourceTree = "<group>"; };
		0E1406A22DCE5A470099626B /* MockNetworking.swift */ = {isa = PBXFileReference; lastKnownFileType = sourcecode.swift; path = MockNetworking.swift; sourceTree = "<group>"; };
		0E1406A42DCE612E0099626B /* UnwrapFileHelper.swift */ = {isa = PBXFileReference; lastKnownFileType = sourcecode.swift; path = UnwrapFileHelper.swift; sourceTree = "<group>"; };
		0E1406A62DCE63F10099626B /* CharacterListFlowManagerMock.swift */ = {isa = PBXFileReference; lastKnownFileType = sourcecode.swift; path = CharacterListFlowManagerMock.swift; sourceTree = "<group>"; };
		0E1406A82DCE64A60099626B /* CharacterListViewMock.swift */ = {isa = PBXFileReference; lastKnownFileType = sourcecode.swift; path = CharacterListViewMock.swift; sourceTree = "<group>"; };
		0E2D805C2784E02200BF2E8A /* CharacterListPresenterTest.swift */ = {isa = PBXFileReference; lastKnownFileType = sourcecode.swift; path = CharacterListPresenterTest.swift; sourceTree = "<group>"; };
		0E2D805E2784EE9500BF2E8A /* characterListMock.json */ = {isa = PBXFileReference; fileEncoding = 4; lastKnownFileType = text.json; path = characterListMock.json; sourceTree = "<group>"; };
		0E2D80632784F75800BF2E8A /* CharacterDetailPresenterTest.swift */ = {isa = PBXFileReference; lastKnownFileType = sourcecode.swift; path = CharacterDetailPresenterTest.swift; sourceTree = "<group>"; };
		0E2D80652784F94C00BF2E8A /* characterComicsMock.json */ = {isa = PBXFileReference; fileEncoding = 4; lastKnownFileType = text.json; path = characterComicsMock.json; sourceTree = "<group>"; };
		0E2D80662784F94C00BF2E8A /* characterSeriesMock.json */ = {isa = PBXFileReference; fileEncoding = 4; lastKnownFileType = text.json; path = characterSeriesMock.json; sourceTree = "<group>"; };
		0E2EC8B02DC3EE720094E0CB /* CharacterCell.swift */ = {isa = PBXFileReference; lastKnownFileType = sourcecode.swift; path = CharacterCell.swift; sourceTree = "<group>"; };
		0E3F6C0728A7C935006A8C4B /* MockedCharacterListDataSource.swift */ = {isa = PBXFileReference; lastKnownFileType = sourcecode.swift; path = MockedCharacterListDataSource.swift; sourceTree = "<group>"; };
		0E46EEE12DC920A10033CD78 /* CharacterDetailConfigurator.swift */ = {isa = PBXFileReference; lastKnownFileType = sourcecode.swift; path = CharacterDetailConfigurator.swift; sourceTree = "<group>"; };
		0E46EEE32DC929420033CD78 /* CharacterDetailHeaderView.swift */ = {isa = PBXFileReference; lastKnownFileType = sourcecode.swift; path = CharacterDetailHeaderView.swift; sourceTree = "<group>"; };
		0E46EEE52DC92DDF0033CD78 /* CharacterDetailSectionView.swift */ = {isa = PBXFileReference; lastKnownFileType = sourcecode.swift; path = CharacterDetailSectionView.swift; sourceTree = "<group>"; };
		0E46EEE72DC92EEB0033CD78 /* CharacterDetailSectionItemView.swift */ = {isa = PBXFileReference; lastKnownFileType = sourcecode.swift; path = CharacterDetailSectionItemView.swift; sourceTree = "<group>"; };
		0E5448B2277B1CF700076012 /* CharacterDetailPresenter.swift */ = {isa = PBXFileReference; lastKnownFileType = sourcecode.swift; path = CharacterDetailPresenter.swift; sourceTree = "<group>"; };
		0E66EB1628AAA2BA00ED0A22 /* CharacterDetailDataSourceTest.swift */ = {isa = PBXFileReference; lastKnownFileType = sourcecode.swift; path = CharacterDetailDataSourceTest.swift; sourceTree = "<group>"; };
		0E7C5D38277E384600097A23 /* BaseProtocolRequest.swift */ = {isa = PBXFileReference; lastKnownFileType = sourcecode.swift; path = BaseProtocolRequest.swift; sourceTree = "<group>"; };
		0E7C5D3C277E3FE000097A23 /* BaseRequest.swift */ = {isa = PBXFileReference; lastKnownFileType = sourcecode.swift; path = BaseRequest.swift; sourceTree = "<group>"; };
		0E96F67B28A7D8F400775A37 /* MockedCharacterDetailDataSource.swift */ = {isa = PBXFileReference; lastKnownFileType = sourcecode.swift; path = MockedCharacterDetailDataSource.swift; sourceTree = "<group>"; };
		0E96F67F28A7DC6800775A37 /* CharacterListDataSourceTest.swift */ = {isa = PBXFileReference; lastKnownFileType = sourcecode.swift; path = CharacterListDataSourceTest.swift; sourceTree = "<group>"; };
		0E97F11D287DE81500B03BBD /* CharacterListDataSource.swift */ = {isa = PBXFileReference; lastKnownFileType = sourcecode.swift; path = CharacterListDataSource.swift; sourceTree = "<group>"; };
		0E97F122287DEC6900B03BBD /* CharacterListFlowManager.swift */ = {isa = PBXFileReference; lastKnownFileType = sourcecode.swift; path = CharacterListFlowManager.swift; sourceTree = "<group>"; };
		0E97F12F287DF55300B03BBD /* CharacterDetailDataSource.swift */ = {isa = PBXFileReference; lastKnownFileType = sourcecode.swift; path = CharacterDetailDataSource.swift; sourceTree = "<group>"; };
		0EA50876277B6063000B4369 /* MarvelComicsEndpoint.swift */ = {isa = PBXFileReference; lastKnownFileType = sourcecode.swift; path = MarvelComicsEndpoint.swift; sourceTree = "<group>"; };
		0EA50879277B6342000B4369 /* CharacterListRequest.swift */ = {isa = PBXFileReference; lastKnownFileType = sourcecode.swift; path = CharacterListRequest.swift; sourceTree = "<group>"; };
		0EA5087B277B65D2000B4369 /* Service.swift */ = {isa = PBXFileReference; lastKnownFileType = sourcecode.swift; path = Service.swift; sourceTree = "<group>"; };
		0EB83B212DC3DCC5004CE4E5 /* CharacterListViewController.swift */ = {isa = PBXFileReference; lastKnownFileType = sourcecode.swift; path = CharacterListViewController.swift; sourceTree = "<group>"; };
		0EB83B242DC3DDCE004CE4E5 /* CharacterListPresenter.swift */ = {isa = PBXFileReference; lastKnownFileType = sourcecode.swift; path = CharacterListPresenter.swift; sourceTree = "<group>"; };
		0EB83B262DC3E39F004CE4E5 /* CharacterListConfigurator.swift */ = {isa = PBXFileReference; lastKnownFileType = sourcecode.swift; path = CharacterListConfigurator.swift; sourceTree = "<group>"; };
		0EB83B282DC3E822004CE4E5 /* ChacterView.swift */ = {isa = PBXFileReference; lastKnownFileType = sourcecode.swift; path = ChacterView.swift; sourceTree = "<group>"; };
		0EC9E30D27838DA300AB28BC /* marvelcomiciosTests.xctest */ = {isa = PBXFileReference; explicitFileType = wrapper.cfbundle; includeInIndex = 0; path = marvelcomiciosTests.xctest; sourceTree = BUILT_PRODUCTS_DIR; };
		0ECA64B526DD3E68000EBE8E /* Character.swift */ = {isa = PBXFileReference; lastKnownFileType = sourcecode.swift; path = Character.swift; sourceTree = "<group>"; };
		0ECA64BE26DD433F000EBE8E /* Thumbnail.swift */ = {isa = PBXFileReference; lastKnownFileType = sourcecode.swift; path = Thumbnail.swift; sourceTree = "<group>"; };
		0ECA64C426DD472E000EBE8E /* CharacterDetailViewController.swift */ = {isa = PBXFileReference; lastKnownFileType = sourcecode.swift; path = CharacterDetailViewController.swift; sourceTree = "<group>"; };
		0ECA64DF26DD5F61000EBE8E /* Comic.swift */ = {isa = PBXFileReference; lastKnownFileType = sourcecode.swift; path = Comic.swift; sourceTree = "<group>"; };
		0ECA64E126DD630B000EBE8E /* Serie.swift */ = {isa = PBXFileReference; lastKnownFileType = sourcecode.swift; path = Serie.swift; sourceTree = "<group>"; };
		0ECA64E726DD78A5000EBE8E /* Launch Screen.storyboard */ = {isa = PBXFileReference; lastKnownFileType = file.storyboard; path = "Launch Screen.storyboard"; sourceTree = "<group>"; };
		0ED4DA1D2DC627A0005D4DB4 /* Localization.swift */ = {isa = PBXFileReference; lastKnownFileType = sourcecode.swift; path = Localization.swift; sourceTree = "<group>"; };
		0EDCF11C26DBF7F0001BF1C6 /* Assets.xcassets */ = {isa = PBXFileReference; lastKnownFileType = folder.assetcatalog; name = Assets.xcassets; path = marvelcomicios/Assets.xcassets; sourceTree = "<group>"; };
		0EEE56442783B40A003EA5D5 /* MockCharacterEndPoint.swift */ = {isa = PBXFileReference; lastKnownFileType = sourcecode.swift; path = MockCharacterEndPoint.swift; sourceTree = "<group>"; };
		0EEE56472783B455003EA5D5 /* ServiceTest.swift */ = {isa = PBXFileReference; lastKnownFileType = sourcecode.swift; path = ServiceTest.swift; sourceTree = "<group>"; };
		0EF60BA12DCD116200964791 /* CharacterResponse.swift */ = {isa = PBXFileReference; lastKnownFileType = sourcecode.swift; path = CharacterResponse.swift; sourceTree = "<group>"; };
		0EF60BA32DCD119C00964791 /* ComicsResponse.swift */ = {isa = PBXFileReference; lastKnownFileType = sourcecode.swift; path = ComicsResponse.swift; sourceTree = "<group>"; };
		0EF60BA52DCD11C300964791 /* SeriesResponse.swift */ = {isa = PBXFileReference; lastKnownFileType = sourcecode.swift; path = SeriesResponse.swift; sourceTree = "<group>"; };
		2F259DDB21F88EB200DC70D5 /* en */ = {isa = PBXFileReference; lastKnownFileType = text.plist.strings; name = en; path = en.lproj/InfoPlist.strings; sourceTree = "<group>"; };
		2F259DDE21F88EB700DC70D5 /* en */ = {isa = PBXFileReference; lastKnownFileType = text.plist.strings; name = en; path = en.lproj/Localizable.strings; sourceTree = "<group>"; };
		2F84693F21536DED00AF8E5B /* ErrorResponse.swift */ = {isa = PBXFileReference; lastKnownFileType = sourcecode.swift; path = ErrorResponse.swift; sourceTree = "<group>"; };
		4F8982DE2151373300703F44 /* Extensions.swift */ = {isa = PBXFileReference; lastKnownFileType = sourcecode.swift; path = Extensions.swift; sourceTree = "<group>"; };
		4F8982E0215137D400703F44 /* Keys.swift */ = {isa = PBXFileReference; lastKnownFileType = sourcecode.swift; path = Keys.swift; sourceTree = "<group>"; };
		4F9111BB215116A60028AC18 /* marvelcomicios.app */ = {isa = PBXFileReference; explicitFileType = wrapper.application; includeInIndex = 0; path = marvelcomicios.app; sourceTree = BUILT_PRODUCTS_DIR; };
		4F9111BE215116A60028AC18 /* AppDelegate.swift */ = {isa = PBXFileReference; lastKnownFileType = sourcecode.swift; path = AppDelegate.swift; sourceTree = "<group>"; };
		4F9111CD215116A80028AC18 /* Info.plist */ = {isa = PBXFileReference; lastKnownFileType = text.plist.xml; name = Info.plist; path = marvelcomicios/Info.plist; sourceTree = "<group>"; };
/* End PBXFileReference section */

/* Begin PBXFrameworksBuildPhase section */
		0EC9E30A27838DA300AB28BC /* Frameworks */ = {
			isa = PBXFrameworksBuildPhase;
			buildActionMask = 2147483647;
			files = (
			);
			runOnlyForDeploymentPostprocessing = 0;
		};
		4F9111B8215116A60028AC18 /* Frameworks */ = {
			isa = PBXFrameworksBuildPhase;
			buildActionMask = 2147483647;
			files = (
				0E2EC8AF2DC3EE000094E0CB /* Kingfisher in Frameworks */,
				0E46815928A7A81000E4907C /* Lottie in Frameworks */,
				0ED4DA1B2DC40CC3005D4DB4 /* Collections in Frameworks */,
				0E46815C28A7A82800E4907C /* KNetwork in Frameworks */,
				0E4151A728A7B17B0077F6FE /* AlamofireImage in Frameworks */,
			);
			runOnlyForDeploymentPostprocessing = 0;
		};
/* End PBXFrameworksBuildPhase section */

/* Begin PBXGroup section */
		0E2D80622784F6D800BF2E8A /* MockJSON */ = {
			isa = PBXGroup;
			children = (
				0E2D80652784F94C00BF2E8A /* characterComicsMock.json */,
				0E2D805E2784EE9500BF2E8A /* characterListMock.json */,
				0E2D80662784F94C00BF2E8A /* characterSeriesMock.json */,
			);
			path = MockJSON;
			sourceTree = "<group>";
		};
		0E3F6C0628A7C77A006A8C4B /* CharacterListPresenter */ = {
			isa = PBXGroup;
			children = (
				0E2D805C2784E02200BF2E8A /* CharacterListPresenterTest.swift */,
				0E3F6C0728A7C935006A8C4B /* MockedCharacterListDataSource.swift */,
				0E1406A62DCE63F10099626B /* CharacterListFlowManagerMock.swift */,
				0E1406A82DCE64A60099626B /* CharacterListViewMock.swift */,
			);
			path = CharacterListPresenter;
			sourceTree = "<group>";
		};
		0E96F67A28A7D8D800775A37 /* CharacterDetailPresenter */ = {
			isa = PBXGroup;
			children = (
				0E2D80632784F75800BF2E8A /* CharacterDetailPresenterTest.swift */,
				0E96F67B28A7D8F400775A37 /* MockedCharacterDetailDataSource.swift */,
				0E14069E2DCE4D270099626B /* CharacterDetailViewMock.swift */,
			);
			path = CharacterDetailPresenter;
			sourceTree = "<group>";
		};
		0E96F67D28A7DC2C00775A37 /* CharacterDetailDataSource */ = {
			isa = PBXGroup;
			children = (
				0E66EB1628AAA2BA00ED0A22 /* CharacterDetailDataSourceTest.swift */,
			);
			path = CharacterDetailDataSource;
			sourceTree = "<group>";
		};
		0E96F67E28A7DC3800775A37 /* CharacterListDataSource */ = {
			isa = PBXGroup;
			children = (
				0E96F67F28A7DC6800775A37 /* CharacterListDataSourceTest.swift */,
			);
			path = CharacterListDataSource;
			sourceTree = "<group>";
		};
		0E97F116287DE6BA00B03BBD /* View */ = {
			isa = PBXGroup;
			children = (
				0EB83B282DC3E822004CE4E5 /* ChacterView.swift */,
				0EB83B212DC3DCC5004CE4E5 /* CharacterListViewController.swift */,
				0E2EC8B02DC3EE720094E0CB /* CharacterCell.swift */,
			);
			path = View;
			sourceTree = "<group>";
		};
		0E97F127287DF4DF00B03BBD /* Views */ = {
			isa = PBXGroup;
			children = (
				0ECA64C426DD472E000EBE8E /* CharacterDetailViewController.swift */,
				0E46EEE32DC929420033CD78 /* CharacterDetailHeaderView.swift */,
				0E46EEE52DC92DDF0033CD78 /* CharacterDetailSectionView.swift */,
				0E46EEE72DC92EEB0033CD78 /* CharacterDetailSectionItemView.swift */,
			);
			path = Views;
			sourceTree = "<group>";
		};
		0EA50878277B632D000B4369 /* Requests */ = {
			isa = PBXGroup;
			children = (
				0E7C5D38277E384600097A23 /* BaseProtocolRequest.swift */,
				0E7C5D3C277E3FE000097A23 /* BaseRequest.swift */,
				0EA50879277B6342000B4369 /* CharacterListRequest.swift */,
			);
			path = Requests;
			sourceTree = "<group>";
		};
		0EC9E30E27838DA300AB28BC /* marvelcomiciosTests */ = {
			isa = PBXGroup;
			children = (
				0EEE56472783B455003EA5D5 /* ServiceTest.swift */,
				0EEE56462783B43D003EA5D5 /* Base */,
				0E96F67E28A7DC3800775A37 /* CharacterListDataSource */,
				0E96F67D28A7DC2C00775A37 /* CharacterDetailDataSource */,
				0E96F67A28A7D8D800775A37 /* CharacterDetailPresenter */,
				0E3F6C0628A7C77A006A8C4B /* CharacterListPresenter */,
				0E2D80622784F6D800BF2E8A /* MockJSON */,
			);
			path = marvelcomiciosTests;
			sourceTree = "<group>";
		};
		0ECA64C926DD4751000EBE8E /* Character */ = {
			isa = PBXGroup;
			children = (
				0E97F122287DEC6900B03BBD /* CharacterListFlowManager.swift */,
				0E97F11D287DE81500B03BBD /* CharacterListDataSource.swift */,
				0EB83B242DC3DDCE004CE4E5 /* CharacterListPresenter.swift */,
				0E97F116287DE6BA00B03BBD /* View */,
				0EB83B262DC3E39F004CE4E5 /* CharacterListConfigurator.swift */,
			);
			path = Character;
			sourceTree = "<group>";
		};
		0ECA64D726DD5050000EBE8E /* CharacterDetail */ = {
			isa = PBXGroup;
			children = (
				0E97F12F287DF55300B03BBD /* CharacterDetailDataSource.swift */,
				0E5448B2277B1CF700076012 /* CharacterDetailPresenter.swift */,
				0E97F127287DF4DF00B03BBD /* Views */,
				0E46EEE12DC920A10033CD78 /* CharacterDetailConfigurator.swift */,
			);
			path = CharacterDetail;
			sourceTree = "<group>";
		};
		0ED4DA1C2DC62792005D4DB4 /* Constants */ = {
			isa = PBXGroup;
			children = (
				4F8982E0215137D400703F44 /* Keys.swift */,
				0ED4DA1D2DC627A0005D4DB4 /* Localization.swift */,
			);
			path = Constants;
			sourceTree = "<group>";
		};
		0EEE56462783B43D003EA5D5 /* Base */ = {
			isa = PBXGroup;
			children = (
				0EEE56442783B40A003EA5D5 /* MockCharacterEndPoint.swift */,
				0E1406A02DCE51D20099626B /* MockURLProtocol.swift */,
				0E1406A22DCE5A470099626B /* MockNetworking.swift */,
				0E1406A42DCE612E0099626B /* UnwrapFileHelper.swift */,
			);
			path = Base;
			sourceTree = "<group>";
		};
		0EF60BA02DCD113C00964791 /* Responses */ = {
			isa = PBXGroup;
			children = (
				2F84693F21536DED00AF8E5B /* ErrorResponse.swift */,
				0EF60BA12DCD116200964791 /* CharacterResponse.swift */,
				0EF60BA32DCD119C00964791 /* ComicsResponse.swift */,
				0EF60BA52DCD11C300964791 /* SeriesResponse.swift */,
			);
			path = Responses;
			sourceTree = "<group>";
		};
		2F84692921526D3E00AF8E5B /* Scenes */ = {
			isa = PBXGroup;
			children = (
				0ECA64D726DD5050000EBE8E /* CharacterDetail */,
				0ECA64C926DD4751000EBE8E /* Character */,
			);
			path = Scenes;
			sourceTree = "<group>";
		};
		2F84693521528C7600AF8E5B /* Models */ = {
			isa = PBXGroup;
			children = (
				0EF60BA02DCD113C00964791 /* Responses */,
				0EA50878277B632D000B4369 /* Requests */,
				0ECA64B526DD3E68000EBE8E /* Character.swift */,
				0ECA64BE26DD433F000EBE8E /* Thumbnail.swift */,
				0ECA64DF26DD5F61000EBE8E /* Comic.swift */,
				0ECA64E126DD630B000EBE8E /* Serie.swift */,
			);
			path = Models;
			sourceTree = "<group>";
		};
		4F8982D9215136CD00703F44 /* Common */ = {
			isa = PBXGroup;
			children = (
				0ED4DA1C2DC62792005D4DB4 /* Constants */,
				4F8982DE2151373300703F44 /* Extensions.swift */,
				2F259DDF21F88EB700DC70D5 /* Localizable.strings */,
				2F259DDC21F88EB200DC70D5 /* InfoPlist.strings */,
			);
			path = Common;
			sourceTree = "<group>";
		};
		4F8982E42151484A00703F44 /* MarvelNetwork */ = {
			isa = PBXGroup;
			children = (
				0EA5087B277B65D2000B4369 /* Service.swift */,
				0EA50876277B6063000B4369 /* MarvelComicsEndpoint.swift */,
			);
			path = MarvelNetwork;
			sourceTree = "<group>";
		};
		4F9111B2215116A60028AC18 = {
			isa = PBXGroup;
			children = (
				4F9111BD215116A60028AC18 /* marvelcomicios */,
				0EDCF11C26DBF7F0001BF1C6 /* Assets.xcassets */,
				0ECA64E726DD78A5000EBE8E /* Launch Screen.storyboard */,
				4F9111CD215116A80028AC18 /* Info.plist */,
				0EC9E30E27838DA300AB28BC /* marvelcomiciosTests */,
				4F9111BC215116A60028AC18 /* Products */,
			);
			sourceTree = "<group>";
		};
		4F9111BC215116A60028AC18 /* Products */ = {
			isa = PBXGroup;
			children = (
				4F9111BB215116A60028AC18 /* marvelcomicios.app */,
				0EC9E30D27838DA300AB28BC /* marvelcomiciosTests.xctest */,
			);
			name = Products;
			sourceTree = "<group>";
		};
		4F9111BD215116A60028AC18 /* marvelcomicios */ = {
			isa = PBXGroup;
			children = (
				4F9111BE215116A60028AC18 /* AppDelegate.swift */,
				2F84692921526D3E00AF8E5B /* Scenes */,
				4F8982E42151484A00703F44 /* MarvelNetwork */,
				2F84693521528C7600AF8E5B /* Models */,
				4F8982D9215136CD00703F44 /* Common */,
			);
			path = marvelcomicios;
			sourceTree = "<group>";
		};
/* End PBXGroup section */

/* Begin PBXNativeTarget section */
		0EC9E30C27838DA300AB28BC /* marvelcomiciosTests */ = {
			isa = PBXNativeTarget;
			buildConfigurationList = 0EC9E31727838DA300AB28BC /* Build configuration list for PBXNativeTarget "marvelcomiciosTests" */;
			buildPhases = (
				0EC9E30927838DA300AB28BC /* Sources */,
				0EC9E30A27838DA300AB28BC /* Frameworks */,
				0EC9E30B27838DA300AB28BC /* Resources */,
			);
			buildRules = (
			);
			dependencies = (
				0EC9E31227838DA300AB28BC /* PBXTargetDependency */,
			);
			name = marvelcomiciosTests;
			productName = marvelcomiciosTests;
			productReference = 0EC9E30D27838DA300AB28BC /* marvelcomiciosTests.xctest */;
			productType = "com.apple.product-type.bundle.unit-test";
		};
		4F9111BA215116A60028AC18 /* marvelcomicios */ = {
			isa = PBXNativeTarget;
			buildConfigurationList = 4F9111D0215116A80028AC18 /* Build configuration list for PBXNativeTarget "marvelcomicios" */;
			buildPhases = (
				4F9111B7215116A60028AC18 /* Sources */,
				4F9111B8215116A60028AC18 /* Frameworks */,
				4F9111B9215116A60028AC18 /* Resources */,
			);
			buildRules = (
			);
			dependencies = (
			);
			name = marvelcomicios;
			packageProductDependencies = (
				0E46815828A7A81000E4907C /* Lottie */,
				0E46815B28A7A82800E4907C /* KNetwork */,
				0E4151A628A7B17B0077F6FE /* AlamofireImage */,
				0E2EC8AE2DC3EE000094E0CB /* Kingfisher */,
				0ED4DA1A2DC40CC3005D4DB4 /* Collections */,
			);
			productName = SixtemiaTest;
			productReference = 4F9111BB215116A60028AC18 /* marvelcomicios.app */;
			productType = "com.apple.product-type.application";
		};
/* End PBXNativeTarget section */

/* Begin PBXProject section */
		4F9111B3215116A60028AC18 /* Project object */ = {
			isa = PBXProject;
			attributes = {
				LastSwiftUpdateCheck = 1320;
				LastUpgradeCheck = 0940;
				ORGANIZATIONNAME = "Kevin Costa";
				TargetAttributes = {
					0EC9E30C27838DA300AB28BC = {
						CreatedOnToolsVersion = 13.2.1;
						TestTargetID = 4F9111BA215116A60028AC18;
					};
					4F9111BA215116A60028AC18 = {
						CreatedOnToolsVersion = 9.4.1;
						LastSwiftMigration = 1020;
					};
				};
			};
			buildConfigurationList = 4F9111B6215116A60028AC18 /* Build configuration list for PBXProject "marvelcomicios" */;
			compatibilityVersion = "Xcode 9.3";
			developmentRegion = en;
			hasScannedForEncodings = 0;
			knownRegions = (
				en,
				Base,
			);
			mainGroup = 4F9111B2215116A60028AC18;
			packageReferences = (
				0E46815728A7A81000E4907C /* XCRemoteSwiftPackageReference "lottie-ios" */,
				0E46815A28A7A82800E4907C /* XCRemoteSwiftPackageReference "swift-package-network" */,
				0E4151A528A7B17B0077F6FE /* XCRemoteSwiftPackageReference "AlamofireImage" */,
				0EB83B2A2DC3EB32004CE4E5 /* XCRemoteSwiftPackageReference "Kingfisher" */,
				0ED4DA192DC40CB6005D4DB4 /* XCRemoteSwiftPackageReference "swift-collections" */,
			);
			productRefGroup = 4F9111BC215116A60028AC18 /* Products */;
			projectDirPath = "";
			projectRoot = "";
			targets = (
				4F9111BA215116A60028AC18 /* marvelcomicios */,
				0EC9E30C27838DA300AB28BC /* marvelcomiciosTests */,
			);
		};
/* End PBXProject section */

/* Begin PBXResourcesBuildPhase section */
		0EC9E30B27838DA300AB28BC /* Resources */ = {
			isa = PBXResourcesBuildPhase;
			buildActionMask = 2147483647;
			files = (
				0E2D805F2784EE9500BF2E8A /* characterListMock.json in Resources */,
				0E2D80672784F94C00BF2E8A /* characterComicsMock.json in Resources */,
				0E2D80682784F94C00BF2E8A /* characterSeriesMock.json in Resources */,
			);
			runOnlyForDeploymentPostprocessing = 0;
		};
		4F9111B9215116A60028AC18 /* Resources */ = {
			isa = PBXResourcesBuildPhase;
			buildActionMask = 2147483647;
			files = (
				2F259DDA21F88EB200DC70D5 /* InfoPlist.strings in Resources */,
				0ECA64E826DD78A5000EBE8E /* Launch Screen.storyboard in Resources */,
				2F259DDD21F88EB700DC70D5 /* Localizable.strings in Resources */,
				0ECA64F526DD842E000EBE8E /* Assets.xcassets in Resources */,
			);
			runOnlyForDeploymentPostprocessing = 0;
		};
/* End PBXResourcesBuildPhase section */

/* Begin PBXSourcesBuildPhase section */
		0EC9E30927838DA300AB28BC /* Sources */ = {
			isa = PBXSourcesBuildPhase;
			buildActionMask = 2147483647;
			files = (
				0E1406A92DCE64A60099626B /* CharacterListViewMock.swift in Sources */,
				0E1406A72DCE63F10099626B /* CharacterListFlowManagerMock.swift in Sources */,
				0E96F68028A7DC6800775A37 /* CharacterListDataSourceTest.swift in Sources */,
				0E2D805D2784E02200BF2E8A /* CharacterListPresenterTest.swift in Sources */,
				0E96F67C28A7D8F400775A37 /* MockedCharacterDetailDataSource.swift in Sources */,
				0E14069F2DCE4D270099626B /* CharacterDetailViewMock.swift in Sources */,
				0EEE56452783B40A003EA5D5 /* MockCharacterEndPoint.swift in Sources */,
				0E66EB1728AAA2BA00ED0A22 /* CharacterDetailDataSourceTest.swift in Sources */,
				0E1406A52DCE612E0099626B /* UnwrapFileHelper.swift in Sources */,
				0EEE56482783B455003EA5D5 /* ServiceTest.swift in Sources */,
				0E2D80642784F75800BF2E8A /* CharacterDetailPresenterTest.swift in Sources */,
				0E1406A12DCE51D20099626B /* MockURLProtocol.swift in Sources */,
				0E1406A32DCE5A470099626B /* MockNetworking.swift in Sources */,
				0E3F6C0828A7C935006A8C4B /* MockedCharacterListDataSource.swift in Sources */,
			);
			runOnlyForDeploymentPostprocessing = 0;
		};
		4F9111B7215116A60028AC18 /* Sources */ = {
			isa = PBXSourcesBuildPhase;
			buildActionMask = 2147483647;
			files = (
				0E97F11E287DE81500B03BBD /* CharacterListDataSource.swift in Sources */,
				0E46EEE82DC92EEB0033CD78 /* CharacterDetailSectionItemView.swift in Sources */,
				0E2EC8B12DC3EE720094E0CB /* CharacterCell.swift in Sources */,
				0E46EEE62DC92DDF0033CD78 /* CharacterDetailSectionView.swift in Sources */,
				0EB83B272DC3E39F004CE4E5 /* CharacterListConfigurator.swift in Sources */,
				0ED4DA1E2DC627A0005D4DB4 /* Localization.swift in Sources */,
				0EA5087A277B6342000B4369 /* CharacterListRequest.swift in Sources */,
				0E46EEE42DC929420033CD78 /* CharacterDetailHeaderView.swift in Sources */,
				0ECA64E026DD5F61000EBE8E /* Comic.swift in Sources */,
				0E97F130287DF55300B03BBD /* CharacterDetailDataSource.swift in Sources */,
				0EA5087C277B65D2000B4369 /* Service.swift in Sources */,
				0EF60BA22DCD116200964791 /* CharacterResponse.swift in Sources */,
				0E7C5D39277E384600097A23 /* BaseProtocolRequest.swift in Sources */,
				0E46EEE22DC920A10033CD78 /* CharacterDetailConfigurator.swift in Sources */,
				4F9111BF215116A60028AC18 /* AppDelegate.swift in Sources */,
				4F8982E1215137D400703F44 /* Keys.swift in Sources */,
				4F8982DF2151373300703F44 /* Extensions.swift in Sources */,
				0EA50877277B6063000B4369 /* MarvelComicsEndpoint.swift in Sources */,
				0E97F123287DEC6900B03BBD /* CharacterListFlowManager.swift in Sources */,
				0E7C5D3D277E3FE000097A23 /* BaseRequest.swift in Sources */,
				0E5448B3277B1CF700076012 /* CharacterDetailPresenter.swift in Sources */,
				0EF60BA42DCD119C00964791 /* ComicsResponse.swift in Sources */,
				0ECA64E226DD630B000EBE8E /* Serie.swift in Sources */,
				0ECA64B626DD3E68000EBE8E /* Character.swift in Sources */,
				0EF60BA62DCD11C300964791 /* SeriesResponse.swift in Sources */,
				0EB83B292DC3E822004CE4E5 /* ChacterView.swift in Sources */,
				0ECA64C626DD472E000EBE8E /* CharacterDetailViewController.swift in Sources */,
				0ECA64BF26DD433F000EBE8E /* Thumbnail.swift in Sources */,
				0EB83B252DC3DDCE004CE4E5 /* CharacterListPresenter.swift in Sources */,
				2F84694021536DED00AF8E5B /* ErrorResponse.swift in Sources */,
				0EB83B222DC3DCC5004CE4E5 /* CharacterListViewController.swift in Sources */,
			);
			runOnlyForDeploymentPostprocessing = 0;
		};
/* End PBXSourcesBuildPhase section */

/* Begin PBXTargetDependency section */
		0EC9E31227838DA300AB28BC /* PBXTargetDependency */ = {
			isa = PBXTargetDependency;
			target = 4F9111BA215116A60028AC18 /* marvelcomicios */;
			targetProxy = 0EC9E31127838DA300AB28BC /* PBXContainerItemProxy */;
		};
/* End PBXTargetDependency section */

/* Begin PBXVariantGroup section */
		2F259DDC21F88EB200DC70D5 /* InfoPlist.strings */ = {
			isa = PBXVariantGroup;
			children = (
				2F259DDB21F88EB200DC70D5 /* en */,
			);
			name = InfoPlist.strings;
			sourceTree = "<group>";
		};
		2F259DDF21F88EB700DC70D5 /* Localizable.strings */ = {
			isa = PBXVariantGroup;
			children = (
				2F259DDE21F88EB700DC70D5 /* en */,
			);
			name = Localizable.strings;
			sourceTree = "<group>";
		};
/* End PBXVariantGroup section */

/* Begin XCBuildConfiguration section */
		0EC9E31327838DA300AB28BC /* Debug */ = {
			isa = XCBuildConfiguration;
			buildSettings = {
				BUNDLE_LOADER = "$(TEST_HOST)";
				CLANG_CXX_LANGUAGE_STANDARD = "gnu++17";
				CLANG_WARN_QUOTED_INCLUDE_IN_FRAMEWORK_HEADER = YES;
				CODE_SIGN_STYLE = Automatic;
				CURRENT_PROJECT_VERSION = 1;
				DEVELOPMENT_TEAM = 9SQ4RTNLA9;
				GENERATE_INFOPLIST_FILE = YES;
				IPHONEOS_DEPLOYMENT_TARGET = 15.2;
				MARKETING_VERSION = 1.0;
				MTL_ENABLE_DEBUG_INFO = INCLUDE_SOURCE;
				MTL_FAST_MATH = YES;
				PRODUCT_BUNDLE_IDENTIFIER = com.kevincosta.marvelcomicios.marvelcomiciosTests;
				PRODUCT_NAME = "$(TARGET_NAME)";
				SWIFT_EMIT_LOC_STRINGS = NO;
				SWIFT_VERSION = 5.0;
				TARGETED_DEVICE_FAMILY = "1,2";
				TEST_HOST = "$(BUILT_PRODUCTS_DIR)/marvelcomicios.app/marvelcomicios";
			};
			name = Debug;
		};
		0EC9E31427838DA300AB28BC /* Release */ = {
			isa = XCBuildConfiguration;
			buildSettings = {
				BUNDLE_LOADER = "$(TEST_HOST)";
				CLANG_CXX_LANGUAGE_STANDARD = "gnu++17";
				CLANG_WARN_QUOTED_INCLUDE_IN_FRAMEWORK_HEADER = YES;
				CODE_SIGN_STYLE = Automatic;
				CURRENT_PROJECT_VERSION = 1;
				DEVELOPMENT_TEAM = 9SQ4RTNLA9;
				GENERATE_INFOPLIST_FILE = YES;
				IPHONEOS_DEPLOYMENT_TARGET = 15.2;
				MARKETING_VERSION = 1.0;
				MTL_FAST_MATH = YES;
				PRODUCT_BUNDLE_IDENTIFIER = com.kevincosta.marvelcomicios.marvelcomiciosTests;
				PRODUCT_NAME = "$(TARGET_NAME)";
				SWIFT_EMIT_LOC_STRINGS = NO;
				SWIFT_VERSION = 5.0;
				TARGETED_DEVICE_FAMILY = "1,2";
				TEST_HOST = "$(BUILT_PRODUCTS_DIR)/marvelcomicios.app/marvelcomicios";
			};
			name = Release;
		};
		0EC9E31527838DA300AB28BC /* Store */ = {
			isa = XCBuildConfiguration;
			buildSettings = {
				BUNDLE_LOADER = "$(TEST_HOST)";
				CLANG_CXX_LANGUAGE_STANDARD = "gnu++17";
				CLANG_WARN_QUOTED_INCLUDE_IN_FRAMEWORK_HEADER = YES;
				CODE_SIGN_STYLE = Automatic;
				CURRENT_PROJECT_VERSION = 1;
				DEVELOPMENT_TEAM = 9SQ4RTNLA9;
				GENERATE_INFOPLIST_FILE = YES;
				IPHONEOS_DEPLOYMENT_TARGET = 15.2;
				MARKETING_VERSION = 1.0;
				MTL_FAST_MATH = YES;
				PRODUCT_BUNDLE_IDENTIFIER = com.kevincosta.marvelcomicios.marvelcomiciosTests;
				PRODUCT_NAME = "$(TARGET_NAME)";
				SWIFT_EMIT_LOC_STRINGS = NO;
				SWIFT_VERSION = 5.0;
				TARGETED_DEVICE_FAMILY = "1,2";
				TEST_HOST = "$(BUILT_PRODUCTS_DIR)/marvelcomicios.app/marvelcomicios";
			};
			name = Store;
		};
		0EC9E31627838DA300AB28BC /* AdHoc */ = {
			isa = XCBuildConfiguration;
			buildSettings = {
				BUNDLE_LOADER = "$(TEST_HOST)";
				CLANG_CXX_LANGUAGE_STANDARD = "gnu++17";
				CLANG_WARN_QUOTED_INCLUDE_IN_FRAMEWORK_HEADER = YES;
				CODE_SIGN_STYLE = Automatic;
				CURRENT_PROJECT_VERSION = 1;
				DEVELOPMENT_TEAM = 9SQ4RTNLA9;
				GENERATE_INFOPLIST_FILE = YES;
				IPHONEOS_DEPLOYMENT_TARGET = 15.2;
				MARKETING_VERSION = 1.0;
				MTL_FAST_MATH = YES;
				PRODUCT_BUNDLE_IDENTIFIER = com.kevincosta.marvelcomicios.marvelcomiciosTests;
				PRODUCT_NAME = "$(TARGET_NAME)";
				SWIFT_EMIT_LOC_STRINGS = NO;
				SWIFT_VERSION = 5.0;
				TARGETED_DEVICE_FAMILY = "1,2";
				TEST_HOST = "$(BUILT_PRODUCTS_DIR)/marvelcomicios.app/marvelcomicios";
			};
			name = AdHoc;
		};
		4F9111CE215116A80028AC18 /* Debug */ = {
			isa = XCBuildConfiguration;
			buildSettings = {
				ALWAYS_SEARCH_USER_PATHS = NO;
				CLANG_ANALYZER_NONNULL = YES;
				CLANG_ANALYZER_NUMBER_OBJECT_CONVERSION = YES_AGGRESSIVE;
				CLANG_CXX_LANGUAGE_STANDARD = "gnu++14";
				CLANG_CXX_LIBRARY = "libc++";
				CLANG_ENABLE_MODULES = YES;
				CLANG_ENABLE_OBJC_ARC = YES;
				CLANG_ENABLE_OBJC_WEAK = YES;
				CLANG_WARN_BLOCK_CAPTURE_AUTORELEASING = YES;
				CLANG_WARN_BOOL_CONVERSION = YES;
				CLANG_WARN_COMMA = YES;
				CLANG_WARN_CONSTANT_CONVERSION = YES;
				CLANG_WARN_DEPRECATED_OBJC_IMPLEMENTATIONS = YES;
				CLANG_WARN_DIRECT_OBJC_ISA_USAGE = YES_ERROR;
				CLANG_WARN_DOCUMENTATION_COMMENTS = YES;
				CLANG_WARN_EMPTY_BODY = YES;
				CLANG_WARN_ENUM_CONVERSION = YES;
				CLANG_WARN_INFINITE_RECURSION = YES;
				CLANG_WARN_INT_CONVERSION = YES;
				CLANG_WARN_NON_LITERAL_NULL_CONVERSION = YES;
				CLANG_WARN_OBJC_IMPLICIT_RETAIN_SELF = YES;
				CLANG_WARN_OBJC_LITERAL_CONVERSION = YES;
				CLANG_WARN_OBJC_ROOT_CLASS = YES_ERROR;
				CLANG_WARN_RANGE_LOOP_ANALYSIS = YES;
				CLANG_WARN_STRICT_PROTOTYPES = YES;
				CLANG_WARN_SUSPICIOUS_MOVE = YES;
				CLANG_WARN_UNGUARDED_AVAILABILITY = YES_AGGRESSIVE;
				CLANG_WARN_UNREACHABLE_CODE = YES;
				CLANG_WARN__DUPLICATE_METHOD_MATCH = YES;
				CODE_SIGN_IDENTITY = "iPhone Developer";
				COPY_PHASE_STRIP = NO;
				DEBUG_INFORMATION_FORMAT = dwarf;
				ENABLE_STRICT_OBJC_MSGSEND = YES;
				ENABLE_TESTABILITY = YES;
				GCC_C_LANGUAGE_STANDARD = gnu11;
				GCC_DYNAMIC_NO_PIC = NO;
				GCC_NO_COMMON_BLOCKS = YES;
				GCC_OPTIMIZATION_LEVEL = 0;
				GCC_PREPROCESSOR_DEFINITIONS = (
					"DEBUG=1",
					"$(inherited)",
				);
				GCC_WARN_64_TO_32_BIT_CONVERSION = YES;
				GCC_WARN_ABOUT_RETURN_TYPE = YES_ERROR;
				GCC_WARN_UNDECLARED_SELECTOR = YES;
				GCC_WARN_UNINITIALIZED_AUTOS = YES_AGGRESSIVE;
				GCC_WARN_UNUSED_FUNCTION = YES;
				GCC_WARN_UNUSED_VARIABLE = YES;
				IPHONEOS_DEPLOYMENT_TARGET = 10.0;
				MTL_ENABLE_DEBUG_INFO = YES;
				ONLY_ACTIVE_ARCH = YES;
				SDKROOT = iphoneos;
				SWIFT_ACTIVE_COMPILATION_CONDITIONS = DEBUG;
				SWIFT_OPTIMIZATION_LEVEL = "-Onone";
			};
			name = Debug;
		};
		4F9111CF215116A80028AC18 /* Release */ = {
			isa = XCBuildConfiguration;
			buildSettings = {
				ALWAYS_SEARCH_USER_PATHS = NO;
				CLANG_ANALYZER_NONNULL = YES;
				CLANG_ANALYZER_NUMBER_OBJECT_CONVERSION = YES_AGGRESSIVE;
				CLANG_CXX_LANGUAGE_STANDARD = "gnu++14";
				CLANG_CXX_LIBRARY = "libc++";
				CLANG_ENABLE_MODULES = YES;
				CLANG_ENABLE_OBJC_ARC = YES;
				CLANG_ENABLE_OBJC_WEAK = YES;
				CLANG_WARN_BLOCK_CAPTURE_AUTORELEASING = YES;
				CLANG_WARN_BOOL_CONVERSION = YES;
				CLANG_WARN_COMMA = YES;
				CLANG_WARN_CONSTANT_CONVERSION = YES;
				CLANG_WARN_DEPRECATED_OBJC_IMPLEMENTATIONS = YES;
				CLANG_WARN_DIRECT_OBJC_ISA_USAGE = YES_ERROR;
				CLANG_WARN_DOCUMENTATION_COMMENTS = YES;
				CLANG_WARN_EMPTY_BODY = YES;
				CLANG_WARN_ENUM_CONVERSION = YES;
				CLANG_WARN_INFINITE_RECURSION = YES;
				CLANG_WARN_INT_CONVERSION = YES;
				CLANG_WARN_NON_LITERAL_NULL_CONVERSION = YES;
				CLANG_WARN_OBJC_IMPLICIT_RETAIN_SELF = YES;
				CLANG_WARN_OBJC_LITERAL_CONVERSION = YES;
				CLANG_WARN_OBJC_ROOT_CLASS = YES_ERROR;
				CLANG_WARN_RANGE_LOOP_ANALYSIS = YES;
				CLANG_WARN_STRICT_PROTOTYPES = YES;
				CLANG_WARN_SUSPICIOUS_MOVE = YES;
				CLANG_WARN_UNGUARDED_AVAILABILITY = YES_AGGRESSIVE;
				CLANG_WARN_UNREACHABLE_CODE = YES;
				CLANG_WARN__DUPLICATE_METHOD_MATCH = YES;
				CODE_SIGN_IDENTITY = "iPhone Developer";
				COPY_PHASE_STRIP = NO;
				DEBUG_INFORMATION_FORMAT = "dwarf-with-dsym";
				ENABLE_NS_ASSERTIONS = NO;
				ENABLE_STRICT_OBJC_MSGSEND = YES;
				GCC_C_LANGUAGE_STANDARD = gnu11;
				GCC_NO_COMMON_BLOCKS = YES;
				GCC_WARN_64_TO_32_BIT_CONVERSION = YES;
				GCC_WARN_ABOUT_RETURN_TYPE = YES_ERROR;
				GCC_WARN_UNDECLARED_SELECTOR = YES;
				GCC_WARN_UNINITIALIZED_AUTOS = YES_AGGRESSIVE;
				GCC_WARN_UNUSED_FUNCTION = YES;
				GCC_WARN_UNUSED_VARIABLE = YES;
				IPHONEOS_DEPLOYMENT_TARGET = 10.0;
				MTL_ENABLE_DEBUG_INFO = NO;
				SDKROOT = iphoneos;
				SWIFT_COMPILATION_MODE = wholemodule;
				SWIFT_OPTIMIZATION_LEVEL = "-O";
				VALIDATE_PRODUCT = YES;
			};
			name = Release;
		};
		4F9111D1215116A80028AC18 /* Debug */ = {
			isa = XCBuildConfiguration;
			buildSettings = {
				ASSETCATALOG_COMPILER_APPICON_NAME = AppIcon;
				ASSETCATALOG_COMPILER_LAUNCHIMAGE_NAME = "";
				CODE_SIGN_STYLE = Automatic;
				DEVELOPMENT_TEAM = 9SQ4RTNLA9;
				INFOPLIST_FILE = "$(SRCROOT)/marvelcomicios/Info.plist";
				IPHONEOS_DEPLOYMENT_TARGET = 15.0;
				LD_RUNPATH_SEARCH_PATHS = (
					"$(inherited)",
					"@executable_path/Frameworks",
				);
				PRODUCT_BUNDLE_IDENTIFIER = com.kevincosta.marvelcomicios;
				PRODUCT_NAME = "$(TARGET_NAME)";
				SWIFT_VERSION = 5.0;
				TARGETED_DEVICE_FAMILY = 1;
			};
			name = Debug;
		};
		4F9111D2215116A80028AC18 /* Release */ = {
			isa = XCBuildConfiguration;
			buildSettings = {
				ASSETCATALOG_COMPILER_APPICON_NAME = AppIcon;
				ASSETCATALOG_COMPILER_LAUNCHIMAGE_NAME = "";
				CODE_SIGN_STYLE = Automatic;
				DEVELOPMENT_TEAM = 9SQ4RTNLA9;
				INFOPLIST_FILE = "$(SRCROOT)/marvelcomicios/Info.plist";
				IPHONEOS_DEPLOYMENT_TARGET = 15.0;
				LD_RUNPATH_SEARCH_PATHS = (
					"$(inherited)",
					"@executable_path/Frameworks",
				);
				PRODUCT_BUNDLE_IDENTIFIER = com.kevincosta.marvelcomicios;
				PRODUCT_NAME = "$(TARGET_NAME)";
				SWIFT_VERSION = 5.0;
				TARGETED_DEVICE_FAMILY = 1;
			};
			name = Release;
		};
		4F9712E32163805C00DBFD1B /* AdHoc */ = {
			isa = XCBuildConfiguration;
			buildSettings = {
				ALWAYS_SEARCH_USER_PATHS = NO;
				CLANG_ANALYZER_NONNULL = YES;
				CLANG_ANALYZER_NUMBER_OBJECT_CONVERSION = YES_AGGRESSIVE;
				CLANG_CXX_LANGUAGE_STANDARD = "gnu++14";
				CLANG_CXX_LIBRARY = "libc++";
				CLANG_ENABLE_MODULES = YES;
				CLANG_ENABLE_OBJC_ARC = YES;
				CLANG_ENABLE_OBJC_WEAK = YES;
				CLANG_WARN_BLOCK_CAPTURE_AUTORELEASING = YES;
				CLANG_WARN_BOOL_CONVERSION = YES;
				CLANG_WARN_COMMA = YES;
				CLANG_WARN_CONSTANT_CONVERSION = YES;
				CLANG_WARN_DEPRECATED_OBJC_IMPLEMENTATIONS = YES;
				CLANG_WARN_DIRECT_OBJC_ISA_USAGE = YES_ERROR;
				CLANG_WARN_DOCUMENTATION_COMMENTS = YES;
				CLANG_WARN_EMPTY_BODY = YES;
				CLANG_WARN_ENUM_CONVERSION = YES;
				CLANG_WARN_INFINITE_RECURSION = YES;
				CLANG_WARN_INT_CONVERSION = YES;
				CLANG_WARN_NON_LITERAL_NULL_CONVERSION = YES;
				CLANG_WARN_OBJC_IMPLICIT_RETAIN_SELF = YES;
				CLANG_WARN_OBJC_LITERAL_CONVERSION = YES;
				CLANG_WARN_OBJC_ROOT_CLASS = YES_ERROR;
				CLANG_WARN_RANGE_LOOP_ANALYSIS = YES;
				CLANG_WARN_STRICT_PROTOTYPES = YES;
				CLANG_WARN_SUSPICIOUS_MOVE = YES;
				CLANG_WARN_UNGUARDED_AVAILABILITY = YES_AGGRESSIVE;
				CLANG_WARN_UNREACHABLE_CODE = YES;
				CLANG_WARN__DUPLICATE_METHOD_MATCH = YES;
				CODE_SIGN_IDENTITY = "iPhone Developer";
				COPY_PHASE_STRIP = NO;
				DEBUG_INFORMATION_FORMAT = "dwarf-with-dsym";
				ENABLE_NS_ASSERTIONS = NO;
				ENABLE_STRICT_OBJC_MSGSEND = YES;
				GCC_C_LANGUAGE_STANDARD = gnu11;
				GCC_NO_COMMON_BLOCKS = YES;
				GCC_WARN_64_TO_32_BIT_CONVERSION = YES;
				GCC_WARN_ABOUT_RETURN_TYPE = YES_ERROR;
				GCC_WARN_UNDECLARED_SELECTOR = YES;
				GCC_WARN_UNINITIALIZED_AUTOS = YES_AGGRESSIVE;
				GCC_WARN_UNUSED_FUNCTION = YES;
				GCC_WARN_UNUSED_VARIABLE = YES;
				IPHONEOS_DEPLOYMENT_TARGET = 10.0;
				MTL_ENABLE_DEBUG_INFO = NO;
				SDKROOT = iphoneos;
				SWIFT_COMPILATION_MODE = wholemodule;
				SWIFT_OPTIMIZATION_LEVEL = "-O";
				VALIDATE_PRODUCT = YES;
			};
			name = AdHoc;
		};
		4F9712E42163805C00DBFD1B /* AdHoc */ = {
			isa = XCBuildConfiguration;
			buildSettings = {
				ASSETCATALOG_COMPILER_APPICON_NAME = AppIcon;
				ASSETCATALOG_COMPILER_LAUNCHIMAGE_NAME = "";
				CODE_SIGN_STYLE = Automatic;
				DEVELOPMENT_TEAM = 9SQ4RTNLA9;
				INFOPLIST_FILE = "$(SRCROOT)/marvelcomicios/Info.plist";
				IPHONEOS_DEPLOYMENT_TARGET = 15.0;
				LD_RUNPATH_SEARCH_PATHS = (
					"$(inherited)",
					"@executable_path/Frameworks",
				);
				PRODUCT_BUNDLE_IDENTIFIER = com.kevincosta.marvelcomicios;
				PRODUCT_NAME = "$(TARGET_NAME)";
				SWIFT_VERSION = 5.0;
				TARGETED_DEVICE_FAMILY = 1;
			};
			name = AdHoc;
		};
		4F9712E52163806200DBFD1B /* Store */ = {
			isa = XCBuildConfiguration;
			buildSettings = {
				ALWAYS_SEARCH_USER_PATHS = NO;
				CLANG_ANALYZER_NONNULL = YES;
				CLANG_ANALYZER_NUMBER_OBJECT_CONVERSION = YES_AGGRESSIVE;
				CLANG_CXX_LANGUAGE_STANDARD = "gnu++14";
				CLANG_CXX_LIBRARY = "libc++";
				CLANG_ENABLE_MODULES = YES;
				CLANG_ENABLE_OBJC_ARC = YES;
				CLANG_ENABLE_OBJC_WEAK = YES;
				CLANG_WARN_BLOCK_CAPTURE_AUTORELEASING = YES;
				CLANG_WARN_BOOL_CONVERSION = YES;
				CLANG_WARN_COMMA = YES;
				CLANG_WARN_CONSTANT_CONVERSION = YES;
				CLANG_WARN_DEPRECATED_OBJC_IMPLEMENTATIONS = YES;
				CLANG_WARN_DIRECT_OBJC_ISA_USAGE = YES_ERROR;
				CLANG_WARN_DOCUMENTATION_COMMENTS = YES;
				CLANG_WARN_EMPTY_BODY = YES;
				CLANG_WARN_ENUM_CONVERSION = YES;
				CLANG_WARN_INFINITE_RECURSION = YES;
				CLANG_WARN_INT_CONVERSION = YES;
				CLANG_WARN_NON_LITERAL_NULL_CONVERSION = YES;
				CLANG_WARN_OBJC_IMPLICIT_RETAIN_SELF = YES;
				CLANG_WARN_OBJC_LITERAL_CONVERSION = YES;
				CLANG_WARN_OBJC_ROOT_CLASS = YES_ERROR;
				CLANG_WARN_RANGE_LOOP_ANALYSIS = YES;
				CLANG_WARN_STRICT_PROTOTYPES = YES;
				CLANG_WARN_SUSPICIOUS_MOVE = YES;
				CLANG_WARN_UNGUARDED_AVAILABILITY = YES_AGGRESSIVE;
				CLANG_WARN_UNREACHABLE_CODE = YES;
				CLANG_WARN__DUPLICATE_METHOD_MATCH = YES;
				CODE_SIGN_IDENTITY = "iPhone Developer";
				COPY_PHASE_STRIP = NO;
				DEBUG_INFORMATION_FORMAT = "dwarf-with-dsym";
				ENABLE_NS_ASSERTIONS = NO;
				ENABLE_STRICT_OBJC_MSGSEND = YES;
				GCC_C_LANGUAGE_STANDARD = gnu11;
				GCC_NO_COMMON_BLOCKS = YES;
				GCC_WARN_64_TO_32_BIT_CONVERSION = YES;
				GCC_WARN_ABOUT_RETURN_TYPE = YES_ERROR;
				GCC_WARN_UNDECLARED_SELECTOR = YES;
				GCC_WARN_UNINITIALIZED_AUTOS = YES_AGGRESSIVE;
				GCC_WARN_UNUSED_FUNCTION = YES;
				GCC_WARN_UNUSED_VARIABLE = YES;
				IPHONEOS_DEPLOYMENT_TARGET = 10.0;
				MTL_ENABLE_DEBUG_INFO = NO;
				SDKROOT = iphoneos;
				SWIFT_COMPILATION_MODE = wholemodule;
				SWIFT_OPTIMIZATION_LEVEL = "-O";
				VALIDATE_PRODUCT = YES;
			};
			name = Store;
		};
		4F9712E62163806200DBFD1B /* Store */ = {
			isa = XCBuildConfiguration;
			buildSettings = {
				ASSETCATALOG_COMPILER_APPICON_NAME = AppIcon;
				ASSETCATALOG_COMPILER_LAUNCHIMAGE_NAME = "";
				CODE_SIGN_STYLE = Automatic;
				DEVELOPMENT_TEAM = 9SQ4RTNLA9;
				INFOPLIST_FILE = "$(SRCROOT)/marvelcomicios/Info.plist";
				IPHONEOS_DEPLOYMENT_TARGET = 15.0;
				LD_RUNPATH_SEARCH_PATHS = (
					"$(inherited)",
					"@executable_path/Frameworks",
				);
				PRODUCT_BUNDLE_IDENTIFIER = com.kevincosta.marvelcomicios;
				PRODUCT_NAME = "$(TARGET_NAME)";
				SWIFT_VERSION = 5.0;
				TARGETED_DEVICE_FAMILY = 1;
			};
			name = Store;
		};
/* End XCBuildConfiguration section */

/* Begin XCConfigurationList section */
		0EC9E31727838DA300AB28BC /* Build configuration list for PBXNativeTarget "marvelcomiciosTests" */ = {
			isa = XCConfigurationList;
			buildConfigurations = (
				0EC9E31327838DA300AB28BC /* Debug */,
				0EC9E31427838DA300AB28BC /* Release */,
				0EC9E31527838DA300AB28BC /* Store */,
				0EC9E31627838DA300AB28BC /* AdHoc */,
			);
			defaultConfigurationIsVisible = 0;
			defaultConfigurationName = Release;
		};
		4F9111B6215116A60028AC18 /* Build configuration list for PBXProject "marvelcomicios" */ = {
			isa = XCConfigurationList;
			buildConfigurations = (
				4F9111CE215116A80028AC18 /* Debug */,
				4F9111CF215116A80028AC18 /* Release */,
				4F9712E52163806200DBFD1B /* Store */,
				4F9712E32163805C00DBFD1B /* AdHoc */,
			);
			defaultConfigurationIsVisible = 0;
			defaultConfigurationName = Release;
		};
		4F9111D0215116A80028AC18 /* Build configuration list for PBXNativeTarget "marvelcomicios" */ = {
			isa = XCConfigurationList;
			buildConfigurations = (
				4F9111D1215116A80028AC18 /* Debug */,
				4F9111D2215116A80028AC18 /* Release */,
				4F9712E62163806200DBFD1B /* Store */,
				4F9712E42163805C00DBFD1B /* AdHoc */,
			);
			defaultConfigurationIsVisible = 0;
			defaultConfigurationName = Release;
		};
/* End XCConfigurationList section */

/* Begin XCRemoteSwiftPackageReference section */
		0E4151A528A7B17B0077F6FE /* XCRemoteSwiftPackageReference "AlamofireImage" */ = {
			isa = XCRemoteSwiftPackageReference;
			repositoryURL = "https://github.com/Alamofire/AlamofireImage.git";
			requirement = {
				branch = master;
				kind = branch;
			};
		};
		0E46815728A7A81000E4907C /* XCRemoteSwiftPackageReference "lottie-ios" */ = {
			isa = XCRemoteSwiftPackageReference;
			repositoryURL = "https://github.com/airbnb/lottie-ios.git";
			requirement = {
				branch = master;
				kind = branch;
			};
		};
		0E46815A28A7A82800E4907C /* XCRemoteSwiftPackageReference "swift-package-network" */ = {
			isa = XCRemoteSwiftPackageReference;
			repositoryURL = "https://github.com/kevincosta29/swift-package-network";
			requirement = {
				branch = main;
				kind = branch;
			};
		};
		0EB83B2A2DC3EB32004CE4E5 /* XCRemoteSwiftPackageReference "Kingfisher" */ = {
			isa = XCRemoteSwiftPackageReference;
			repositoryURL = "https://github.com/onevcat/Kingfisher";
			requirement = {
				kind = upToNextMajorVersion;
				minimumVersion = 8.3.2;
			};
		};
		0ED4DA192DC40CB6005D4DB4 /* XCRemoteSwiftPackageReference "swift-collections" */ = {
			isa = XCRemoteSwiftPackageReference;
			repositoryURL = "https://github.com/apple/swift-collections.git";
			requirement = {
				kind = upToNextMajorVersion;
				minimumVersion = 1.1.4;
			};
		};
/* End XCRemoteSwiftPackageReference section */

/* Begin XCSwiftPackageProductDependency section */
		0E2EC8AE2DC3EE000094E0CB /* Kingfisher */ = {
			isa = XCSwiftPackageProductDependency;
			package = 0EB83B2A2DC3EB32004CE4E5 /* XCRemoteSwiftPackageReference "Kingfisher" */;
			productName = Kingfisher;
		};
		0E4151A628A7B17B0077F6FE /* AlamofireImage */ = {
			isa = XCSwiftPackageProductDependency;
			package = 0E4151A528A7B17B0077F6FE /* XCRemoteSwiftPackageReference "AlamofireImage" */;
			productName = AlamofireImage;
		};
		0E46815828A7A81000E4907C /* Lottie */ = {
			isa = XCSwiftPackageProductDependency;
			package = 0E46815728A7A81000E4907C /* XCRemoteSwiftPackageReference "lottie-ios" */;
			productName = Lottie;
		};
		0E46815B28A7A82800E4907C /* KNetwork */ = {
			isa = XCSwiftPackageProductDependency;
			package = 0E46815A28A7A82800E4907C /* XCRemoteSwiftPackageReference "swift-package-network" */;
			productName = KNetwork;
		};
		0ED4DA1A2DC40CC3005D4DB4 /* Collections */ = {
			isa = XCSwiftPackageProductDependency;
			package = 0ED4DA192DC40CB6005D4DB4 /* XCRemoteSwiftPackageReference "swift-collections" */;
			productName = Collections;
		};
/* End XCSwiftPackageProductDependency section */
	};
	rootObject = 4F9111B3215116A60028AC18 /* Project object */;
}
